// !$*UTF8*$!
{
	archiveVersion = 1;
	classes = {
	};
	objectVersion = 54;
	objects = {

/* Begin PBXBuildFile section */
		00E356F31AD99517003FC87E /* WellbeingTests.m in Sources */ = {isa = PBXBuildFile; fileRef = 00E356F21AD99517003FC87E /* WellbeingTests.m */; };
		5348316C59C7A38F23D20FAB /* libPods-Wellbeing-staging.a in Frameworks */ = {isa = PBXBuildFile; fileRef = 290436095B38DFFB9642C3F1 /* libPods-Wellbeing-staging.a */; };
		9048F6163A67602643E03728 /* libPods-Wellbeing-production.a in Frameworks */ = {isa = PBXBuildFile; fileRef = 132CC80AD6079113F379B7A2 /* libPods-Wellbeing-production.a */; };
		ABA94DE8AE10F979194C7EF1 /* libPods-Wellbeing-development.a in Frameworks */ = {isa = PBXBuildFile; fileRef = AAA324D05DD6B4162C29C523 /* libPods-Wellbeing-development.a */; };
		E0ECA9FBA998168D9B0ED56E /* libPods-WellbeingTests.a in Frameworks */ = {isa = PBXBuildFile; fileRef = 22CDD7D83BC0383F86156EFB /* libPods-WellbeingTests.a */; };
		FCA0C8382C1A3656006769AA /* AppDelegate.mm in Sources */ = {isa = PBXBuildFile; fileRef = 13B07FB01A68108700A75B9A /* AppDelegate.mm */; };
		FCA0C8392C1A3656006769AA /* main.m in Sources */ = {isa = PBXBuildFile; fileRef = 13B07FB71A68108700A75B9A /* main.m */; };
		FCA0C83D2C1A3656006769AA /* LaunchScreen.storyboard in Resources */ = {isa = PBXBuildFile; fileRef = 81AB9BB72411601600AC10FF /* LaunchScreen.storyboard */; };
		FCA0C83E2C1A3656006769AA /* Images.xcassets in Resources */ = {isa = PBXBuildFile; fileRef = 13B07FB51A68108700A75B9A /* Images.xcassets */; };
		FCA0C83F2C1A3656006769AA /* PrivacyInfo.xcprivacy in Resources */ = {isa = PBXBuildFile; fileRef = E4759D1069D6F10A4CE58CAE /* PrivacyInfo.xcprivacy */; };
		FCA0C8402C1A3656006769AA /* BootSplash.storyboard in Resources */ = {isa = PBXBuildFile; fileRef = 9A4E97B5F09C4317986C91A9 /* BootSplash.storyboard */; };
		FCA0C84C2C1A36D5006769AA /* AppDelegate.mm in Sources */ = {isa = PBXBuildFile; fileRef = 13B07FB01A68108700A75B9A /* AppDelegate.mm */; };
		FCA0C84D2C1A36D5006769AA /* main.m in Sources */ = {isa = PBXBuildFile; fileRef = 13B07FB71A68108700A75B9A /* main.m */; };
		FCA0C8512C1A36D5006769AA /* LaunchScreen.storyboard in Resources */ = {isa = PBXBuildFile; fileRef = 81AB9BB72411601600AC10FF /* LaunchScreen.storyboard */; };
		FCA0C8522C1A36D5006769AA /* Images.xcassets in Resources */ = {isa = PBXBuildFile; fileRef = 13B07FB51A68108700A75B9A /* Images.xcassets */; };
		FCA0C8532C1A36D5006769AA /* PrivacyInfo.xcprivacy in Resources */ = {isa = PBXBuildFile; fileRef = E4759D1069D6F10A4CE58CAE /* PrivacyInfo.xcprivacy */; };
		FCA0C8542C1A36D5006769AA /* BootSplash.storyboard in Resources */ = {isa = PBXBuildFile; fileRef = 9A4E97B5F09C4317986C91A9 /* BootSplash.storyboard */; };
		FCA0C8602C1A36F7006769AA /* AppDelegate.mm in Sources */ = {isa = PBXBuildFile; fileRef = 13B07FB01A68108700A75B9A /* AppDelegate.mm */; };
		FCA0C8612C1A36F7006769AA /* main.m in Sources */ = {isa = PBXBuildFile; fileRef = 13B07FB71A68108700A75B9A /* main.m */; };
		FCA0C8652C1A36F7006769AA /* LaunchScreen.storyboard in Resources */ = {isa = PBXBuildFile; fileRef = 81AB9BB72411601600AC10FF /* LaunchScreen.storyboard */; };
		FCA0C8662C1A36F7006769AA /* Images.xcassets in Resources */ = {isa = PBXBuildFile; fileRef = 13B07FB51A68108700A75B9A /* Images.xcassets */; };
		FCA0C8672C1A36F7006769AA /* PrivacyInfo.xcprivacy in Resources */ = {isa = PBXBuildFile; fileRef = E4759D1069D6F10A4CE58CAE /* PrivacyInfo.xcprivacy */; };
		FCA0C8682C1A36F7006769AA /* BootSplash.storyboard in Resources */ = {isa = PBXBuildFile; fileRef = 9A4E97B5F09C4317986C91A9 /* BootSplash.storyboard */; };
/* End PBXBuildFile section */

/* Begin PBXFileReference section */
		00E356EE1AD99517003FC87E /* WellbeingTests.xctest */ = {isa = PBXFileReference; explicitFileType = wrapper.cfbundle; includeInIndex = 0; path = WellbeingTests.xctest; sourceTree = BUILT_PRODUCTS_DIR; };
		00E356F11AD99517003FC87E /* Info.plist */ = {isa = PBXFileReference; lastKnownFileType = text.plist.xml; path = Info.plist; sourceTree = "<group>"; };
		00E356F21AD99517003FC87E /* WellbeingTests.m */ = {isa = PBXFileReference; lastKnownFileType = sourcecode.c.objc; path = WellbeingTests.m; sourceTree = "<group>"; };
		0A2931E1D511A4E5EC235E04 /* Pods-WellbeingTests.debug.xcconfig */ = {isa = PBXFileReference; includeInIndex = 1; lastKnownFileType = text.xcconfig; name = "Pods-WellbeingTests.debug.xcconfig"; path = "Target Support Files/Pods-WellbeingTests/Pods-WellbeingTests.debug.xcconfig"; sourceTree = "<group>"; };
		132CC80AD6079113F379B7A2 /* libPods-Wellbeing-production.a */ = {isa = PBXFileReference; explicitFileType = archive.ar; includeInIndex = 0; path = "libPods-Wellbeing-production.a"; sourceTree = BUILT_PRODUCTS_DIR; };
		13B07FAF1A68108700A75B9A /* AppDelegate.h */ = {isa = PBXFileReference; fileEncoding = 4; lastKnownFileType = sourcecode.c.h; name = AppDelegate.h; path = Wellbeing/AppDelegate.h; sourceTree = "<group>"; };
		13B07FB01A68108700A75B9A /* AppDelegate.mm */ = {isa = PBXFileReference; fileEncoding = 4; lastKnownFileType = sourcecode.cpp.objcpp; name = AppDelegate.mm; path = Wellbeing/AppDelegate.mm; sourceTree = "<group>"; };
		13B07FB51A68108700A75B9A /* Images.xcassets */ = {isa = PBXFileReference; lastKnownFileType = folder.assetcatalog; name = Images.xcassets; path = Wellbeing/Images.xcassets; sourceTree = "<group>"; };
		13B07FB61A68108700A75B9A /* Info.plist */ = {isa = PBXFileReference; fileEncoding = 4; lastKnownFileType = text.plist.xml; name = Info.plist; path = Wellbeing/Info.plist; sourceTree = "<group>"; };
		13B07FB71A68108700A75B9A /* main.m */ = {isa = PBXFileReference; fileEncoding = 4; lastKnownFileType = sourcecode.c.objc; name = main.m; path = Wellbeing/main.m; sourceTree = "<group>"; };
		13B07FB81A68108700A75B9A /* PrivacyInfo.xcprivacy */ = {isa = PBXFileReference; fileEncoding = 4; lastKnownFileType = text.plist.xml; name = PrivacyInfo.xcprivacy; path = Wellbeing/PrivacyInfo.xcprivacy; sourceTree = "<group>"; };
		22CDD7D83BC0383F86156EFB /* libPods-WellbeingTests.a */ = {isa = PBXFileReference; explicitFileType = archive.ar; includeInIndex = 0; path = "libPods-WellbeingTests.a"; sourceTree = BUILT_PRODUCTS_DIR; };
		290436095B38DFFB9642C3F1 /* libPods-Wellbeing-staging.a */ = {isa = PBXFileReference; explicitFileType = archive.ar; includeInIndex = 0; path = "libPods-Wellbeing-staging.a"; sourceTree = BUILT_PRODUCTS_DIR; };
		5B9EC86B620FFA6DE04252B2 /* Pods-Wellbeing-staging.debug.xcconfig */ = {isa = PBXFileReference; includeInIndex = 1; lastKnownFileType = text.xcconfig; name = "Pods-Wellbeing-staging.debug.xcconfig"; path = "Target Support Files/Pods-Wellbeing-staging/Pods-Wellbeing-staging.debug.xcconfig"; sourceTree = "<group>"; };
		778F520A931B6D506FD8145D /* Pods-Wellbeing-development.release.xcconfig */ = {isa = PBXFileReference; includeInIndex = 1; lastKnownFileType = text.xcconfig; name = "Pods-Wellbeing-development.release.xcconfig"; path = "Target Support Files/Pods-Wellbeing-development/Pods-Wellbeing-development.release.xcconfig"; sourceTree = "<group>"; };
		81AB9BB72411601600AC10FF /* LaunchScreen.storyboard */ = {isa = PBXFileReference; fileEncoding = 4; lastKnownFileType = file.storyboard; name = LaunchScreen.storyboard; path = Wellbeing/LaunchScreen.storyboard; sourceTree = "<group>"; };
		88CFA7F974AA801D1BED1826 /* Pods-Wellbeing-development.debug.xcconfig */ = {isa = PBXFileReference; includeInIndex = 1; lastKnownFileType = text.xcconfig; name = "Pods-Wellbeing-development.debug.xcconfig"; path = "Target Support Files/Pods-Wellbeing-development/Pods-Wellbeing-development.debug.xcconfig"; sourceTree = "<group>"; };
		8DA9B967E5C990ACBC2AD6B2 /* Pods-Wellbeing-staging.release.xcconfig */ = {isa = PBXFileReference; includeInIndex = 1; lastKnownFileType = text.xcconfig; name = "Pods-Wellbeing-staging.release.xcconfig"; path = "Target Support Files/Pods-Wellbeing-staging/Pods-Wellbeing-staging.release.xcconfig"; sourceTree = "<group>"; };
		91B7041870AA24C24A6E5C06 /* Pods-Wellbeing-production.debug.xcconfig */ = {isa = PBXFileReference; includeInIndex = 1; lastKnownFileType = text.xcconfig; name = "Pods-Wellbeing-production.debug.xcconfig"; path = "Target Support Files/Pods-Wellbeing-production/Pods-Wellbeing-production.debug.xcconfig"; sourceTree = "<group>"; };
		9A4E97B5F09C4317986C91A9 /* BootSplash.storyboard */ = {isa = PBXFileReference; explicitFileType = undefined; fileEncoding = 9; includeInIndex = 0; lastKnownFileType = unknown; name = BootSplash.storyboard; path = Wellbeing/BootSplash.storyboard; sourceTree = "<group>"; };
		AAA324D05DD6B4162C29C523 /* libPods-Wellbeing-development.a */ = {isa = PBXFileReference; explicitFileType = archive.ar; includeInIndex = 0; path = "libPods-Wellbeing-development.a"; sourceTree = BUILT_PRODUCTS_DIR; };
		DEF3D8BEDF344F1F8BAB48AD /* Pods-WellbeingTests.release.xcconfig */ = {isa = PBXFileReference; includeInIndex = 1; lastKnownFileType = text.xcconfig; name = "Pods-WellbeingTests.release.xcconfig"; path = "Target Support Files/Pods-WellbeingTests/Pods-WellbeingTests.release.xcconfig"; sourceTree = "<group>"; };
		E4759D1069D6F10A4CE58CAE /* PrivacyInfo.xcprivacy */ = {isa = PBXFileReference; includeInIndex = 1; lastKnownFileType = text.xml; name = PrivacyInfo.xcprivacy; path = Wellbeing/PrivacyInfo.xcprivacy; sourceTree = "<group>"; };
		E9EA04A5CA775CBD8AA8C839 /* Pods-Wellbeing-production.release.xcconfig */ = {isa = PBXFileReference; includeInIndex = 1; lastKnownFileType = text.xcconfig; name = "Pods-Wellbeing-production.release.xcconfig"; path = "Target Support Files/Pods-Wellbeing-production/Pods-Wellbeing-production.release.xcconfig"; sourceTree = "<group>"; };
		ED297162215061F000B7C4FE /* JavaScriptCore.framework */ = {isa = PBXFileReference; lastKnownFileType = wrapper.framework; name = JavaScriptCore.framework; path = System/Library/Frameworks/JavaScriptCore.framework; sourceTree = SDKROOT; };
		FCA0C8472C1A3656006769AA /* Wellbeing-development.app */ = {isa = PBXFileReference; explicitFileType = wrapper.application; includeInIndex = 0; path = "Wellbeing-development.app"; sourceTree = BUILT_PRODUCTS_DIR; };
		FCA0C8482C1A3656006769AA /* WellbeingDevelopment-Info.plist */ = {isa = PBXFileReference; lastKnownFileType = text.plist.xml; name = "WellbeingDevelopment-Info.plist"; path = "/Users/abumubarak/work/os/Wellbeing/ios/WellbeingDevelopment-Info.plist"; sourceTree = "<absolute>"; };
		FCA0C85B2C1A36D5006769AA /* Wellbeing-staging.app */ = {isa = PBXFileReference; explicitFileType = wrapper.application; includeInIndex = 0; path = "Wellbeing-staging.app"; sourceTree = BUILT_PRODUCTS_DIR; };
		FCA0C85C2C1A36D5006769AA /* WellbeingStaging-Info.plist */ = {isa = PBXFileReference; lastKnownFileType = text.plist.xml; name = "WellbeingStaging-Info.plist"; path = "/Users/abumubarak/work/os/Wellbeing/ios/WellbeingStaging-Info.plist"; sourceTree = "<absolute>"; };
		FCA0C86F2C1A36F7006769AA /* Wellbeing-production.app */ = {isa = PBXFileReference; explicitFileType = wrapper.application; includeInIndex = 0; path = "Wellbeing-production.app"; sourceTree = BUILT_PRODUCTS_DIR; };
		FCA0C8702C1A36F7006769AA /* WellbeingProduction-Info.plist */ = {isa = PBXFileReference; lastKnownFileType = text.plist.xml; name = "WellbeingProduction-Info.plist"; path = "/Users/abumubarak/work/os/Wellbeing/ios/WellbeingProduction-Info.plist"; sourceTree = "<absolute>"; };
/* End PBXFileReference section */

/* Begin PBXFrameworksBuildPhase section */
		00E356EB1AD99517003FC87E /* Frameworks */ = {
			isa = PBXFrameworksBuildPhase;
			buildActionMask = 2147483647;
			files = (
				E0ECA9FBA998168D9B0ED56E /* libPods-WellbeingTests.a in Frameworks */,
			);
			runOnlyForDeploymentPostprocessing = 0;
		};
		FCA0C83A2C1A3656006769AA /* Frameworks */ = {
			isa = PBXFrameworksBuildPhase;
			buildActionMask = 2147483647;
			files = (
				ABA94DE8AE10F979194C7EF1 /* libPods-Wellbeing-development.a in Frameworks */,
			);
			runOnlyForDeploymentPostprocessing = 0;
		};
		FCA0C84E2C1A36D5006769AA /* Frameworks */ = {
			isa = PBXFrameworksBuildPhase;
			buildActionMask = 2147483647;
			files = (
				5348316C59C7A38F23D20FAB /* libPods-Wellbeing-staging.a in Frameworks */,
			);
			runOnlyForDeploymentPostprocessing = 0;
		};
		FCA0C8622C1A36F7006769AA /* Frameworks */ = {
			isa = PBXFrameworksBuildPhase;
			buildActionMask = 2147483647;
			files = (
				9048F6163A67602643E03728 /* libPods-Wellbeing-production.a in Frameworks */,
			);
			runOnlyForDeploymentPostprocessing = 0;
		};
/* End PBXFrameworksBuildPhase section */

/* Begin PBXGroup section */
		00E356EF1AD99517003FC87E /* WellbeingTests */ = {
			isa = PBXGroup;
			children = (
				00E356F21AD99517003FC87E /* WellbeingTests.m */,
				00E356F01AD99517003FC87E /* Supporting Files */,
			);
			path = WellbeingTests;
			sourceTree = "<group>";
		};
		00E356F01AD99517003FC87E /* Supporting Files */ = {
			isa = PBXGroup;
			children = (
				00E356F11AD99517003FC87E /* Info.plist */,
			);
			name = "Supporting Files";
			sourceTree = "<group>";
		};
		13B07FAE1A68108700A75B9A /* Wellbeing */ = {
			isa = PBXGroup;
			children = (
				13B07FAF1A68108700A75B9A /* AppDelegate.h */,
				13B07FB01A68108700A75B9A /* AppDelegate.mm */,
				13B07FB51A68108700A75B9A /* Images.xcassets */,
				13B07FB61A68108700A75B9A /* Info.plist */,
				81AB9BB72411601600AC10FF /* LaunchScreen.storyboard */,
				13B07FB71A68108700A75B9A /* main.m */,
				13B07FB81A68108700A75B9A /* PrivacyInfo.xcprivacy */,
				E4759D1069D6F10A4CE58CAE /* PrivacyInfo.xcprivacy */,
				9A4E97B5F09C4317986C91A9 /* BootSplash.storyboard */,
			);
			name = Wellbeing;
			sourceTree = "<group>";
		};
		2D16E6871FA4F8E400B85C8A /* Frameworks */ = {
			isa = PBXGroup;
			children = (
				ED297162215061F000B7C4FE /* JavaScriptCore.framework */,
				AAA324D05DD6B4162C29C523 /* libPods-Wellbeing-development.a */,
				132CC80AD6079113F379B7A2 /* libPods-Wellbeing-production.a */,
				290436095B38DFFB9642C3F1 /* libPods-Wellbeing-staging.a */,
				22CDD7D83BC0383F86156EFB /* libPods-WellbeingTests.a */,
			);
			name = Frameworks;
			sourceTree = "<group>";
		};
		832341AE1AAA6A7D00B99B32 /* Libraries */ = {
			isa = PBXGroup;
			children = (
			);
			name = Libraries;
			sourceTree = "<group>";
		};
		83CBB9F61A601CBA00E9B192 = {
			isa = PBXGroup;
			children = (
				13B07FAE1A68108700A75B9A /* Wellbeing */,
				832341AE1AAA6A7D00B99B32 /* Libraries */,
				00E356EF1AD99517003FC87E /* WellbeingTests */,
				83CBBA001A601CBA00E9B192 /* Products */,
				2D16E6871FA4F8E400B85C8A /* Frameworks */,
				BBD78D7AC51CEA395F1C20DB /* Pods */,
				FCA0C8482C1A3656006769AA /* WellbeingDevelopment-Info.plist */,
				FCA0C85C2C1A36D5006769AA /* WellbeingStaging-Info.plist */,
				FCA0C8702C1A36F7006769AA /* WellbeingProduction-Info.plist */,
			);
			indentWidth = 2;
			sourceTree = "<group>";
			tabWidth = 2;
			usesTabs = 0;
		};
		83CBBA001A601CBA00E9B192 /* Products */ = {
			isa = PBXGroup;
			children = (
				00E356EE1AD99517003FC87E /* WellbeingTests.xctest */,
				FCA0C8472C1A3656006769AA /* Wellbeing-development.app */,
				FCA0C85B2C1A36D5006769AA /* Wellbeing-staging.app */,
				FCA0C86F2C1A36F7006769AA /* Wellbeing-production.app */,
			);
			name = Products;
			sourceTree = "<group>";
		};
		BBD78D7AC51CEA395F1C20DB /* Pods */ = {
			isa = PBXGroup;
			children = (
				88CFA7F974AA801D1BED1826 /* Pods-Wellbeing-development.debug.xcconfig */,
				778F520A931B6D506FD8145D /* Pods-Wellbeing-development.release.xcconfig */,
				91B7041870AA24C24A6E5C06 /* Pods-Wellbeing-production.debug.xcconfig */,
				E9EA04A5CA775CBD8AA8C839 /* Pods-Wellbeing-production.release.xcconfig */,
				5B9EC86B620FFA6DE04252B2 /* Pods-Wellbeing-staging.debug.xcconfig */,
				8DA9B967E5C990ACBC2AD6B2 /* Pods-Wellbeing-staging.release.xcconfig */,
				0A2931E1D511A4E5EC235E04 /* Pods-WellbeingTests.debug.xcconfig */,
				DEF3D8BEDF344F1F8BAB48AD /* Pods-WellbeingTests.release.xcconfig */,
			);
			path = Pods;
			sourceTree = "<group>";
		};
/* End PBXGroup section */

/* Begin PBXNativeTarget section */
		00E356ED1AD99517003FC87E /* WellbeingTests */ = {
			isa = PBXNativeTarget;
			buildConfigurationList = 00E357021AD99517003FC87E /* Build configuration list for PBXNativeTarget "WellbeingTests" */;
			buildPhases = (
				442CAC70F09AD112B244CA9C /* [CP] Check Pods Manifest.lock */,
				00E356EA1AD99517003FC87E /* Sources */,
				00E356EB1AD99517003FC87E /* Frameworks */,
				00E356EC1AD99517003FC87E /* Resources */,
			);
			buildRules = (
			);
			dependencies = (
			);
			name = WellbeingTests;
			productName = WellbeingTests;
			productReference = 00E356EE1AD99517003FC87E /* WellbeingTests.xctest */;
			productType = "com.apple.product-type.bundle.unit-test";
		};
		FCA0C8352C1A3656006769AA /* Wellbeing-development */ = {
			isa = PBXNativeTarget;
			buildConfigurationList = FCA0C8442C1A3656006769AA /* Build configuration list for PBXNativeTarget "Wellbeing-development" */;
			buildPhases = (
				70BE32422ADA45291DE8AD0F /* [CP] Check Pods Manifest.lock */,
				FCA0C8372C1A3656006769AA /* Sources */,
				FCA0C83A2C1A3656006769AA /* Frameworks */,
				FCA0C83C2C1A3656006769AA /* Resources */,
				FCA0C8412C1A3656006769AA /* Bundle React Native code and images */,
				DD7DCB2A186D92F7E2C0E99A /* [CP] Embed Pods Frameworks */,
				5FCCDF4DFE9BD298AA61CEFA /* [CP] Copy Pods Resources */,
			);
			buildRules = (
			);
			dependencies = (
			);
			name = "Wellbeing-development";
			productName = Wellbeing;
			productReference = FCA0C8472C1A3656006769AA /* Wellbeing-development.app */;
			productType = "com.apple.product-type.application";
		};
		FCA0C8492C1A36D5006769AA /* Wellbeing-staging */ = {
			isa = PBXNativeTarget;
			buildConfigurationList = FCA0C8582C1A36D5006769AA /* Build configuration list for PBXNativeTarget "Wellbeing-staging" */;
			buildPhases = (
				ED6BF3387922ED0CFF2922EC /* [CP] Check Pods Manifest.lock */,
				FCA0C84B2C1A36D5006769AA /* Sources */,
				FCA0C84E2C1A36D5006769AA /* Frameworks */,
				FCA0C8502C1A36D5006769AA /* Resources */,
				FCA0C8552C1A36D5006769AA /* Bundle React Native code and images */,
				A7EDAE70711A1F78D803FCF0 /* [CP] Embed Pods Frameworks */,
				CD650B1ED1C0B0067D140C00 /* [CP] Copy Pods Resources */,
			);
			buildRules = (
			);
			dependencies = (
			);
			name = "Wellbeing-staging";
			productName = Wellbeing;
			productReference = FCA0C85B2C1A36D5006769AA /* Wellbeing-staging.app */;
			productType = "com.apple.product-type.application";
		};
		FCA0C85D2C1A36F7006769AA /* Wellbeing-production */ = {
			isa = PBXNativeTarget;
			buildConfigurationList = FCA0C86C2C1A36F7006769AA /* Build configuration list for PBXNativeTarget "Wellbeing-production" */;
			buildPhases = (
				AE26787EE4E54435638D616E /* [CP] Check Pods Manifest.lock */,
				FCA0C85F2C1A36F7006769AA /* Sources */,
				FCA0C8622C1A36F7006769AA /* Frameworks */,
				FCA0C8642C1A36F7006769AA /* Resources */,
				FCA0C8692C1A36F7006769AA /* Bundle React Native code and images */,
				8583C3EC87EDF3B76D3AD7D4 /* [CP] Embed Pods Frameworks */,
				6F9C605F15F8C6430210FD02 /* [CP] Copy Pods Resources */,
			);
			buildRules = (
			);
			dependencies = (
			);
			name = "Wellbeing-production";
			productName = Wellbeing;
			productReference = FCA0C86F2C1A36F7006769AA /* Wellbeing-production.app */;
			productType = "com.apple.product-type.application";
		};
/* End PBXNativeTarget section */

/* Begin PBXProject section */
		83CBB9F71A601CBA00E9B192 /* Project object */ = {
			isa = PBXProject;
			attributes = {
				LastUpgradeCheck = 1210;
				TargetAttributes = {
					00E356ED1AD99517003FC87E = {
						CreatedOnToolsVersion = 6.2;
						TestTargetID = 13B07F861A680F5B00A75B9A;
					};
				};
			};
			buildConfigurationList = 83CBB9FA1A601CBA00E9B192 /* Build configuration list for PBXProject "Wellbeing" */;
			compatibilityVersion = "Xcode 12.0";
			developmentRegion = en;
			hasScannedForEncodings = 0;
			knownRegions = (
				en,
				Base,
			);
			mainGroup = 83CBB9F61A601CBA00E9B192;
			productRefGroup = 83CBBA001A601CBA00E9B192 /* Products */;
			projectDirPath = "";
			projectRoot = "";
			targets = (
				00E356ED1AD99517003FC87E /* WellbeingTests */,
				FCA0C8352C1A3656006769AA /* Wellbeing-development */,
				FCA0C8492C1A36D5006769AA /* Wellbeing-staging */,
				FCA0C85D2C1A36F7006769AA /* Wellbeing-production */,
			);
		};
/* End PBXProject section */

/* Begin PBXResourcesBuildPhase section */
		00E356EC1AD99517003FC87E /* Resources */ = {
			isa = PBXResourcesBuildPhase;
			buildActionMask = 2147483647;
			files = (
			);
			runOnlyForDeploymentPostprocessing = 0;
		};
		FCA0C83C2C1A3656006769AA /* Resources */ = {
			isa = PBXResourcesBuildPhase;
			buildActionMask = 2147483647;
			files = (
				FCA0C83D2C1A3656006769AA /* LaunchScreen.storyboard in Resources */,
				FCA0C83E2C1A3656006769AA /* Images.xcassets in Resources */,
				FCA0C83F2C1A3656006769AA /* PrivacyInfo.xcprivacy in Resources */,
				FCA0C8402C1A3656006769AA /* BootSplash.storyboard in Resources */,
			);
			runOnlyForDeploymentPostprocessing = 0;
		};
		FCA0C8502C1A36D5006769AA /* Resources */ = {
			isa = PBXResourcesBuildPhase;
			buildActionMask = 2147483647;
			files = (
				FCA0C8512C1A36D5006769AA /* LaunchScreen.storyboard in Resources */,
				FCA0C8522C1A36D5006769AA /* Images.xcassets in Resources */,
				FCA0C8532C1A36D5006769AA /* PrivacyInfo.xcprivacy in Resources */,
				FCA0C8542C1A36D5006769AA /* BootSplash.storyboard in Resources */,
			);
			runOnlyForDeploymentPostprocessing = 0;
		};
		FCA0C8642C1A36F7006769AA /* Resources */ = {
			isa = PBXResourcesBuildPhase;
			buildActionMask = 2147483647;
			files = (
				FCA0C8652C1A36F7006769AA /* LaunchScreen.storyboard in Resources */,
				FCA0C8662C1A36F7006769AA /* Images.xcassets in Resources */,
				FCA0C8672C1A36F7006769AA /* PrivacyInfo.xcprivacy in Resources */,
				FCA0C8682C1A36F7006769AA /* BootSplash.storyboard in Resources */,
			);
			runOnlyForDeploymentPostprocessing = 0;
		};
/* End PBXResourcesBuildPhase section */

/* Begin PBXShellScriptBuildPhase section */
		442CAC70F09AD112B244CA9C /* [CP] Check Pods Manifest.lock */ = {
			isa = PBXShellScriptBuildPhase;
			buildActionMask = 2147483647;
			files = (
			);
			inputFileListPaths = (
			);
			inputPaths = (
				"${PODS_PODFILE_DIR_PATH}/Podfile.lock",
				"${PODS_ROOT}/Manifest.lock",
			);
			name = "[CP] Check Pods Manifest.lock";
			outputFileListPaths = (
			);
			outputPaths = (
				"$(DERIVED_FILE_DIR)/Pods-WellbeingTests-checkManifestLockResult.txt",
			);
			runOnlyForDeploymentPostprocessing = 0;
			shellPath = /bin/sh;
			shellScript = "diff \"${PODS_PODFILE_DIR_PATH}/Podfile.lock\" \"${PODS_ROOT}/Manifest.lock\" > /dev/null\nif [ $? != 0 ] ; then\n    # print error to STDERR\n    echo \"error: The sandbox is not in sync with the Podfile.lock. Run 'pod install' or update your CocoaPods installation.\" >&2\n    exit 1\nfi\n# This output is used by Xcode 'outputs' to avoid re-running this script phase.\necho \"SUCCESS\" > \"${SCRIPT_OUTPUT_FILE_0}\"\n";
			showEnvVarsInLog = 0;
		};
		5FCCDF4DFE9BD298AA61CEFA /* [CP] Copy Pods Resources */ = {
			isa = PBXShellScriptBuildPhase;
			buildActionMask = 2147483647;
			files = (
			);
			inputFileListPaths = (
				"${PODS_ROOT}/Target Support Files/Pods-Wellbeing-development/Pods-Wellbeing-development-resources-${CONFIGURATION}-input-files.xcfilelist",
			);
			name = "[CP] Copy Pods Resources";
			outputFileListPaths = (
				"${PODS_ROOT}/Target Support Files/Pods-Wellbeing-development/Pods-Wellbeing-development-resources-${CONFIGURATION}-output-files.xcfilelist",
			);
			runOnlyForDeploymentPostprocessing = 0;
			shellPath = /bin/sh;
			shellScript = "\"${PODS_ROOT}/Target Support Files/Pods-Wellbeing-development/Pods-Wellbeing-development-resources.sh\"\n";
			showEnvVarsInLog = 0;
		};
		6F9C605F15F8C6430210FD02 /* [CP] Copy Pods Resources */ = {
			isa = PBXShellScriptBuildPhase;
			buildActionMask = 2147483647;
			files = (
			);
			inputFileListPaths = (
				"${PODS_ROOT}/Target Support Files/Pods-Wellbeing-production/Pods-Wellbeing-production-resources-${CONFIGURATION}-input-files.xcfilelist",
			);
			name = "[CP] Copy Pods Resources";
			outputFileListPaths = (
				"${PODS_ROOT}/Target Support Files/Pods-Wellbeing-production/Pods-Wellbeing-production-resources-${CONFIGURATION}-output-files.xcfilelist",
			);
			runOnlyForDeploymentPostprocessing = 0;
			shellPath = /bin/sh;
			shellScript = "\"${PODS_ROOT}/Target Support Files/Pods-Wellbeing-production/Pods-Wellbeing-production-resources.sh\"\n";
			showEnvVarsInLog = 0;
		};
		70BE32422ADA45291DE8AD0F /* [CP] Check Pods Manifest.lock */ = {
			isa = PBXShellScriptBuildPhase;
			buildActionMask = 2147483647;
			files = (
			);
			inputFileListPaths = (
			);
			inputPaths = (
				"${PODS_PODFILE_DIR_PATH}/Podfile.lock",
				"${PODS_ROOT}/Manifest.lock",
			);
			name = "[CP] Check Pods Manifest.lock";
			outputFileListPaths = (
			);
			outputPaths = (
				"$(DERIVED_FILE_DIR)/Pods-Wellbeing-development-checkManifestLockResult.txt",
			);
			runOnlyForDeploymentPostprocessing = 0;
			shellPath = /bin/sh;
			shellScript = "diff \"${PODS_PODFILE_DIR_PATH}/Podfile.lock\" \"${PODS_ROOT}/Manifest.lock\" > /dev/null\nif [ $? != 0 ] ; then\n    # print error to STDERR\n    echo \"error: The sandbox is not in sync with the Podfile.lock. Run 'pod install' or update your CocoaPods installation.\" >&2\n    exit 1\nfi\n# This output is used by Xcode 'outputs' to avoid re-running this script phase.\necho \"SUCCESS\" > \"${SCRIPT_OUTPUT_FILE_0}\"\n";
			showEnvVarsInLog = 0;
		};
		8583C3EC87EDF3B76D3AD7D4 /* [CP] Embed Pods Frameworks */ = {
			isa = PBXShellScriptBuildPhase;
			buildActionMask = 2147483647;
			files = (
			);
			inputFileListPaths = (
				"${PODS_ROOT}/Target Support Files/Pods-Wellbeing-production/Pods-Wellbeing-production-frameworks-${CONFIGURATION}-input-files.xcfilelist",
			);
			name = "[CP] Embed Pods Frameworks";
			outputFileListPaths = (
				"${PODS_ROOT}/Target Support Files/Pods-Wellbeing-production/Pods-Wellbeing-production-frameworks-${CONFIGURATION}-output-files.xcfilelist",
			);
			runOnlyForDeploymentPostprocessing = 0;
			shellPath = /bin/sh;
			shellScript = "\"${PODS_ROOT}/Target Support Files/Pods-Wellbeing-production/Pods-Wellbeing-production-frameworks.sh\"\n";
			showEnvVarsInLog = 0;
		};
		A7EDAE70711A1F78D803FCF0 /* [CP] Embed Pods Frameworks */ = {
			isa = PBXShellScriptBuildPhase;
			buildActionMask = 2147483647;
			files = (
			);
			inputFileListPaths = (
				"${PODS_ROOT}/Target Support Files/Pods-Wellbeing-staging/Pods-Wellbeing-staging-frameworks-${CONFIGURATION}-input-files.xcfilelist",
			);
			name = "[CP] Embed Pods Frameworks";
			outputFileListPaths = (
				"${PODS_ROOT}/Target Support Files/Pods-Wellbeing-staging/Pods-Wellbeing-staging-frameworks-${CONFIGURATION}-output-files.xcfilelist",
			);
			runOnlyForDeploymentPostprocessing = 0;
			shellPath = /bin/sh;
			shellScript = "\"${PODS_ROOT}/Target Support Files/Pods-Wellbeing-staging/Pods-Wellbeing-staging-frameworks.sh\"\n";
			showEnvVarsInLog = 0;
		};
		AE26787EE4E54435638D616E /* [CP] Check Pods Manifest.lock */ = {
			isa = PBXShellScriptBuildPhase;
			buildActionMask = 2147483647;
			files = (
			);
			inputFileListPaths = (
			);
			inputPaths = (
				"${PODS_PODFILE_DIR_PATH}/Podfile.lock",
				"${PODS_ROOT}/Manifest.lock",
			);
			name = "[CP] Check Pods Manifest.lock";
			outputFileListPaths = (
			);
			outputPaths = (
				"$(DERIVED_FILE_DIR)/Pods-Wellbeing-production-checkManifestLockResult.txt",
			);
			runOnlyForDeploymentPostprocessing = 0;
			shellPath = /bin/sh;
			shellScript = "diff \"${PODS_PODFILE_DIR_PATH}/Podfile.lock\" \"${PODS_ROOT}/Manifest.lock\" > /dev/null\nif [ $? != 0 ] ; then\n    # print error to STDERR\n    echo \"error: The sandbox is not in sync with the Podfile.lock. Run 'pod install' or update your CocoaPods installation.\" >&2\n    exit 1\nfi\n# This output is used by Xcode 'outputs' to avoid re-running this script phase.\necho \"SUCCESS\" > \"${SCRIPT_OUTPUT_FILE_0}\"\n";
			showEnvVarsInLog = 0;
		};
		CD650B1ED1C0B0067D140C00 /* [CP] Copy Pods Resources */ = {
			isa = PBXShellScriptBuildPhase;
			buildActionMask = 2147483647;
			files = (
			);
			inputFileListPaths = (
				"${PODS_ROOT}/Target Support Files/Pods-Wellbeing-staging/Pods-Wellbeing-staging-resources-${CONFIGURATION}-input-files.xcfilelist",
			);
			name = "[CP] Copy Pods Resources";
			outputFileListPaths = (
				"${PODS_ROOT}/Target Support Files/Pods-Wellbeing-staging/Pods-Wellbeing-staging-resources-${CONFIGURATION}-output-files.xcfilelist",
			);
			runOnlyForDeploymentPostprocessing = 0;
			shellPath = /bin/sh;
			shellScript = "\"${PODS_ROOT}/Target Support Files/Pods-Wellbeing-staging/Pods-Wellbeing-staging-resources.sh\"\n";
			showEnvVarsInLog = 0;
		};
		DD7DCB2A186D92F7E2C0E99A /* [CP] Embed Pods Frameworks */ = {
			isa = PBXShellScriptBuildPhase;
			buildActionMask = 2147483647;
			files = (
			);
			inputFileListPaths = (
				"${PODS_ROOT}/Target Support Files/Pods-Wellbeing-development/Pods-Wellbeing-development-frameworks-${CONFIGURATION}-input-files.xcfilelist",
			);
			name = "[CP] Embed Pods Frameworks";
			outputFileListPaths = (
				"${PODS_ROOT}/Target Support Files/Pods-Wellbeing-development/Pods-Wellbeing-development-frameworks-${CONFIGURATION}-output-files.xcfilelist",
			);
			runOnlyForDeploymentPostprocessing = 0;
			shellPath = /bin/sh;
			shellScript = "\"${PODS_ROOT}/Target Support Files/Pods-Wellbeing-development/Pods-Wellbeing-development-frameworks.sh\"\n";
			showEnvVarsInLog = 0;
		};
		ED6BF3387922ED0CFF2922EC /* [CP] Check Pods Manifest.lock */ = {
			isa = PBXShellScriptBuildPhase;
			buildActionMask = 2147483647;
			files = (
			);
			inputFileListPaths = (
			);
			inputPaths = (
				"${PODS_PODFILE_DIR_PATH}/Podfile.lock",
				"${PODS_ROOT}/Manifest.lock",
			);
			name = "[CP] Check Pods Manifest.lock";
			outputFileListPaths = (
			);
			outputPaths = (
				"$(DERIVED_FILE_DIR)/Pods-Wellbeing-staging-checkManifestLockResult.txt",
			);
			runOnlyForDeploymentPostprocessing = 0;
			shellPath = /bin/sh;
			shellScript = "diff \"${PODS_PODFILE_DIR_PATH}/Podfile.lock\" \"${PODS_ROOT}/Manifest.lock\" > /dev/null\nif [ $? != 0 ] ; then\n    # print error to STDERR\n    echo \"error: The sandbox is not in sync with the Podfile.lock. Run 'pod install' or update your CocoaPods installation.\" >&2\n    exit 1\nfi\n# This output is used by Xcode 'outputs' to avoid re-running this script phase.\necho \"SUCCESS\" > \"${SCRIPT_OUTPUT_FILE_0}\"\n";
			showEnvVarsInLog = 0;
		};
		FCA0C8412C1A3656006769AA /* Bundle React Native code and images */ = {
			isa = PBXShellScriptBuildPhase;
			buildActionMask = 2147483647;
			files = (
			);
			inputPaths = (
				"$(SRCROOT)/.xcode.env.local",
				"$(SRCROOT)/.xcode.env",
			);
			name = "Bundle React Native code and images";
			outputPaths = (
			);
			runOnlyForDeploymentPostprocessing = 0;
			shellPath = /bin/sh;
			shellScript = "set -e\n\nWITH_ENVIRONMENT=\"$REACT_NATIVE_PATH/scripts/xcode/with-environment.sh\"\nREACT_NATIVE_XCODE=\"$REACT_NATIVE_PATH/scripts/react-native-xcode.sh\"\n\n/bin/sh -c \"$WITH_ENVIRONMENT $REACT_NATIVE_XCODE\"\n";
		};
		FCA0C8552C1A36D5006769AA /* Bundle React Native code and images */ = {
			isa = PBXShellScriptBuildPhase;
			buildActionMask = 2147483647;
			files = (
			);
			inputPaths = (
				"$(SRCROOT)/.xcode.env.local",
				"$(SRCROOT)/.xcode.env",
			);
			name = "Bundle React Native code and images";
			outputPaths = (
			);
			runOnlyForDeploymentPostprocessing = 0;
			shellPath = /bin/sh;
			shellScript = "set -e\n\nWITH_ENVIRONMENT=\"$REACT_NATIVE_PATH/scripts/xcode/with-environment.sh\"\nREACT_NATIVE_XCODE=\"$REACT_NATIVE_PATH/scripts/react-native-xcode.sh\"\n\n/bin/sh -c \"$WITH_ENVIRONMENT $REACT_NATIVE_XCODE\"\n";
		};
		FCA0C8692C1A36F7006769AA /* Bundle React Native code and images */ = {
			isa = PBXShellScriptBuildPhase;
			buildActionMask = 2147483647;
			files = (
			);
			inputPaths = (
				"$(SRCROOT)/.xcode.env.local",
				"$(SRCROOT)/.xcode.env",
			);
			name = "Bundle React Native code and images";
			outputPaths = (
			);
			runOnlyForDeploymentPostprocessing = 0;
			shellPath = /bin/sh;
			shellScript = "set -e\n\nWITH_ENVIRONMENT=\"$REACT_NATIVE_PATH/scripts/xcode/with-environment.sh\"\nREACT_NATIVE_XCODE=\"$REACT_NATIVE_PATH/scripts/react-native-xcode.sh\"\n\n/bin/sh -c \"$WITH_ENVIRONMENT $REACT_NATIVE_XCODE\"\n";
		};
/* End PBXShellScriptBuildPhase section */

/* Begin PBXSourcesBuildPhase section */
		00E356EA1AD99517003FC87E /* Sources */ = {
			isa = PBXSourcesBuildPhase;
			buildActionMask = 2147483647;
			files = (
				00E356F31AD99517003FC87E /* WellbeingTests.m in Sources */,
			);
			runOnlyForDeploymentPostprocessing = 0;
		};
		FCA0C8372C1A3656006769AA /* Sources */ = {
			isa = PBXSourcesBuildPhase;
			buildActionMask = 2147483647;
			files = (
				FCA0C8382C1A3656006769AA /* AppDelegate.mm in Sources */,
				FCA0C8392C1A3656006769AA /* main.m in Sources */,
			);
			runOnlyForDeploymentPostprocessing = 0;
		};
		FCA0C84B2C1A36D5006769AA /* Sources */ = {
			isa = PBXSourcesBuildPhase;
			buildActionMask = 2147483647;
			files = (
				FCA0C84C2C1A36D5006769AA /* AppDelegate.mm in Sources */,
				FCA0C84D2C1A36D5006769AA /* main.m in Sources */,
			);
			runOnlyForDeploymentPostprocessing = 0;
		};
		FCA0C85F2C1A36F7006769AA /* Sources */ = {
			isa = PBXSourcesBuildPhase;
			buildActionMask = 2147483647;
			files = (
				FCA0C8602C1A36F7006769AA /* AppDelegate.mm in Sources */,
				FCA0C8612C1A36F7006769AA /* main.m in Sources */,
			);
			runOnlyForDeploymentPostprocessing = 0;
		};
/* End PBXSourcesBuildPhase section */

/* Begin XCBuildConfiguration section */
		00E356F61AD99517003FC87E /* Debug */ = {
			isa = XCBuildConfiguration;
			baseConfigurationReference = 0A2931E1D511A4E5EC235E04 /* Pods-WellbeingTests.debug.xcconfig */;
			buildSettings = {
				BUNDLE_LOADER = "$(TEST_HOST)";
				GCC_PREPROCESSOR_DEFINITIONS = (
					"DEBUG=1",
					"$(inherited)",
				);
				INFOPLIST_FILE = WellbeingTests/Info.plist;
				IPHONEOS_DEPLOYMENT_TARGET = 13.4;
				LD_RUNPATH_SEARCH_PATHS = (
					"$(inherited)",
					"@executable_path/Frameworks",
					"@loader_path/Frameworks",
				);
				OTHER_LDFLAGS = (
					"-ObjC",
					"-lc++",
					"$(inherited)",
				);
				PRODUCT_BUNDLE_IDENTIFIER = "org.reactjs.native.example.$(PRODUCT_NAME:rfc1034identifier)";
				PRODUCT_NAME = "$(TARGET_NAME)";
				TEST_HOST = "$(BUILT_PRODUCTS_DIR)/Wellbeing.app/Wellbeing";
			};
			name = Debug;
		};
		00E356F71AD99517003FC87E /* Release */ = {
			isa = XCBuildConfiguration;
			baseConfigurationReference = DEF3D8BEDF344F1F8BAB48AD /* Pods-WellbeingTests.release.xcconfig */;
			buildSettings = {
				BUNDLE_LOADER = "$(TEST_HOST)";
				COPY_PHASE_STRIP = NO;
				INFOPLIST_FILE = WellbeingTests/Info.plist;
				IPHONEOS_DEPLOYMENT_TARGET = 13.4;
				LD_RUNPATH_SEARCH_PATHS = (
					"$(inherited)",
					"@executable_path/Frameworks",
					"@loader_path/Frameworks",
				);
				OTHER_LDFLAGS = (
					"-ObjC",
					"-lc++",
					"$(inherited)",
				);
				PRODUCT_BUNDLE_IDENTIFIER = "org.reactjs.native.example.$(PRODUCT_NAME:rfc1034identifier)";
				PRODUCT_NAME = "$(TARGET_NAME)";
				TEST_HOST = "$(BUILT_PRODUCTS_DIR)/Wellbeing.app/Wellbeing";
			};
			name = Release;
		};
		83CBBA201A601CBA00E9B192 /* Debug */ = {
			isa = XCBuildConfiguration;
			buildSettings = {
				ALWAYS_SEARCH_USER_PATHS = NO;
				CC = "";
				CLANG_ANALYZER_LOCALIZABILITY_NONLOCALIZED = YES;
				CLANG_CXX_LANGUAGE_STANDARD = "c++20";
				CLANG_CXX_LIBRARY = "libc++";
				CLANG_ENABLE_MODULES = YES;
				CLANG_ENABLE_OBJC_ARC = YES;
				CLANG_WARN_BLOCK_CAPTURE_AUTORELEASING = YES;
				CLANG_WARN_BOOL_CONVERSION = YES;
				CLANG_WARN_COMMA = YES;
				CLANG_WARN_CONSTANT_CONVERSION = YES;
				CLANG_WARN_DEPRECATED_OBJC_IMPLEMENTATIONS = YES;
				CLANG_WARN_DIRECT_OBJC_ISA_USAGE = YES_ERROR;
				CLANG_WARN_EMPTY_BODY = YES;
				CLANG_WARN_ENUM_CONVERSION = YES;
				CLANG_WARN_INFINITE_RECURSION = YES;
				CLANG_WARN_INT_CONVERSION = YES;
				CLANG_WARN_NON_LITERAL_NULL_CONVERSION = YES;
				CLANG_WARN_OBJC_IMPLICIT_RETAIN_SELF = YES;
				CLANG_WARN_OBJC_LITERAL_CONVERSION = YES;
				CLANG_WARN_OBJC_ROOT_CLASS = YES_ERROR;
				CLANG_WARN_QUOTED_INCLUDE_IN_FRAMEWORK_HEADER = YES;
				CLANG_WARN_RANGE_LOOP_ANALYSIS = YES;
				CLANG_WARN_STRICT_PROTOTYPES = YES;
				CLANG_WARN_SUSPICIOUS_MOVE = YES;
				CLANG_WARN_UNREACHABLE_CODE = YES;
				CLANG_WARN__DUPLICATE_METHOD_MATCH = YES;
				"CODE_SIGN_IDENTITY[sdk=iphoneos*]" = "iPhone Developer";
				COPY_PHASE_STRIP = NO;
				CXX = "";
				ENABLE_STRICT_OBJC_MSGSEND = YES;
				ENABLE_TESTABILITY = YES;
				"EXCLUDED_ARCHS[sdk=iphonesimulator*]" = "";
				GCC_C_LANGUAGE_STANDARD = gnu99;
				GCC_DYNAMIC_NO_PIC = NO;
				GCC_NO_COMMON_BLOCKS = YES;
				GCC_OPTIMIZATION_LEVEL = 0;
				GCC_PREPROCESSOR_DEFINITIONS = (
					"DEBUG=1",
					"$(inherited)",
				);
				GCC_SYMBOLS_PRIVATE_EXTERN = NO;
				GCC_WARN_64_TO_32_BIT_CONVERSION = YES;
				GCC_WARN_ABOUT_RETURN_TYPE = YES_ERROR;
				GCC_WARN_UNDECLARED_SELECTOR = YES;
				GCC_WARN_UNINITIALIZED_AUTOS = YES_AGGRESSIVE;
				GCC_WARN_UNUSED_FUNCTION = YES;
				GCC_WARN_UNUSED_VARIABLE = YES;
				IPHONEOS_DEPLOYMENT_TARGET = 13.4;
				LD = "";
				LDPLUSPLUS = "";
				LD_RUNPATH_SEARCH_PATHS = (
					/usr/lib/swift,
					"$(inherited)",
				);
				LIBRARY_SEARCH_PATHS = (
					"\"$(SDKROOT)/usr/lib/swift\"",
					"\"$(TOOLCHAIN_DIR)/usr/lib/swift/$(PLATFORM_NAME)\"",
					"\"$(inherited)\"",
				);
				MTL_ENABLE_DEBUG_INFO = YES;
				ONLY_ACTIVE_ARCH = YES;
				OTHER_CPLUSPLUSFLAGS = (
					"$(OTHER_CFLAGS)",
					"-DFOLLY_NO_CONFIG",
					"-DFOLLY_MOBILE=1",
					"-DFOLLY_USE_LIBCPP=1",
					"-DFOLLY_CFG_NO_COROUTINES=1",
					"-DFOLLY_HAVE_CLOCK_GETTIME=1",
				);
				OTHER_LDFLAGS = "$(inherited)  ";
				REACT_NATIVE_PATH = "${PODS_ROOT}/../../node_modules/react-native";
				SDKROOT = iphoneos;
				USE_HERMES = true;
			};
			name = Debug;
		};
		83CBBA211A601CBA00E9B192 /* Release */ = {
			isa = XCBuildConfiguration;
			buildSettings = {
				ALWAYS_SEARCH_USER_PATHS = NO;
				CC = "";
				CLANG_ANALYZER_LOCALIZABILITY_NONLOCALIZED = YES;
				CLANG_CXX_LANGUAGE_STANDARD = "c++20";
				CLANG_CXX_LIBRARY = "libc++";
				CLANG_ENABLE_MODULES = YES;
				CLANG_ENABLE_OBJC_ARC = YES;
				CLANG_WARN_BLOCK_CAPTURE_AUTORELEASING = YES;
				CLANG_WARN_BOOL_CONVERSION = YES;
				CLANG_WARN_COMMA = YES;
				CLANG_WARN_CONSTANT_CONVERSION = YES;
				CLANG_WARN_DEPRECATED_OBJC_IMPLEMENTATIONS = YES;
				CLANG_WARN_DIRECT_OBJC_ISA_USAGE = YES_ERROR;
				CLANG_WARN_EMPTY_BODY = YES;
				CLANG_WARN_ENUM_CONVERSION = YES;
				CLANG_WARN_INFINITE_RECURSION = YES;
				CLANG_WARN_INT_CONVERSION = YES;
				CLANG_WARN_NON_LITERAL_NULL_CONVERSION = YES;
				CLANG_WARN_OBJC_IMPLICIT_RETAIN_SELF = YES;
				CLANG_WARN_OBJC_LITERAL_CONVERSION = YES;
				CLANG_WARN_OBJC_ROOT_CLASS = YES_ERROR;
				CLANG_WARN_QUOTED_INCLUDE_IN_FRAMEWORK_HEADER = YES;
				CLANG_WARN_RANGE_LOOP_ANALYSIS = YES;
				CLANG_WARN_STRICT_PROTOTYPES = YES;
				CLANG_WARN_SUSPICIOUS_MOVE = YES;
				CLANG_WARN_UNREACHABLE_CODE = YES;
				CLANG_WARN__DUPLICATE_METHOD_MATCH = YES;
				"CODE_SIGN_IDENTITY[sdk=iphoneos*]" = "iPhone Developer";
				COPY_PHASE_STRIP = YES;
				CXX = "";
				ENABLE_NS_ASSERTIONS = NO;
				ENABLE_STRICT_OBJC_MSGSEND = YES;
				"EXCLUDED_ARCHS[sdk=iphonesimulator*]" = "";
				GCC_C_LANGUAGE_STANDARD = gnu99;
				GCC_NO_COMMON_BLOCKS = YES;
				GCC_WARN_64_TO_32_BIT_CONVERSION = YES;
				GCC_WARN_ABOUT_RETURN_TYPE = YES_ERROR;
				GCC_WARN_UNDECLARED_SELECTOR = YES;
				GCC_WARN_UNINITIALIZED_AUTOS = YES_AGGRESSIVE;
				GCC_WARN_UNUSED_FUNCTION = YES;
				GCC_WARN_UNUSED_VARIABLE = YES;
				IPHONEOS_DEPLOYMENT_TARGET = 13.4;
				LD = "";
				LDPLUSPLUS = "";
				LD_RUNPATH_SEARCH_PATHS = (
					/usr/lib/swift,
					"$(inherited)",
				);
				LIBRARY_SEARCH_PATHS = (
					"\"$(SDKROOT)/usr/lib/swift\"",
					"\"$(TOOLCHAIN_DIR)/usr/lib/swift/$(PLATFORM_NAME)\"",
					"\"$(inherited)\"",
				);
				MTL_ENABLE_DEBUG_INFO = NO;
				OTHER_CPLUSPLUSFLAGS = (
					"$(OTHER_CFLAGS)",
					"-DFOLLY_NO_CONFIG",
					"-DFOLLY_MOBILE=1",
					"-DFOLLY_USE_LIBCPP=1",
					"-DFOLLY_CFG_NO_COROUTINES=1",
					"-DFOLLY_HAVE_CLOCK_GETTIME=1",
				);
				OTHER_LDFLAGS = "$(inherited)  ";
				REACT_NATIVE_PATH = "${PODS_ROOT}/../../node_modules/react-native";
				SDKROOT = iphoneos;
				USE_HERMES = true;
				VALIDATE_PRODUCT = YES;
			};
			name = Release;
		};
		FCA0C8452C1A3656006769AA /* Debug */ = {
			isa = XCBuildConfiguration;
			baseConfigurationReference = 88CFA7F974AA801D1BED1826 /* Pods-Wellbeing-development.debug.xcconfig */;
			buildSettings = {
				ASSETCATALOG_COMPILER_APPICON_NAME = "AppIcon-dev";
				CLANG_ENABLE_MODULES = YES;
				CURRENT_PROJECT_VERSION = 1;
				DEVELOPMENT_TEAM = SRUZS4FWJ4;
				ENABLE_BITCODE = NO;
				INFOPLIST_FILE = "WellbeingDevelopment-Info.plist";
				INFOPLIST_KEY_CFBundleDisplayName = WellbeingDev;
				INFOPLIST_KEY_LSApplicationCategoryType = "public.app-category.healthcare-fitness";
				LD_RUNPATH_SEARCH_PATHS = (
					"$(inherited)",
					"@executable_path/Frameworks",
				);
				MARKETING_VERSION = 1.0;
				OTHER_LDFLAGS = (
					"$(inherited)",
					"-ObjC",
					"-lc++",
				);
				PRODUCT_BUNDLE_IDENTIFIER = "Wellbeing-development";
				PRODUCT_NAME = "$(TARGET_NAME)";
				SWIFT_OPTIMIZATION_LEVEL = "-Onone";
				SWIFT_VERSION = 5.0;
				VERSIONING_SYSTEM = "apple-generic";
			};
			name = Debug;
		};
		FCA0C8462C1A3656006769AA /* Release */ = {
			isa = XCBuildConfiguration;
			baseConfigurationReference = 778F520A931B6D506FD8145D /* Pods-Wellbeing-development.release.xcconfig */;
			buildSettings = {
				ASSETCATALOG_COMPILER_APPICON_NAME = "AppIcon-dev";
				CLANG_ENABLE_MODULES = YES;
				CURRENT_PROJECT_VERSION = 1;
				DEVELOPMENT_TEAM = SRUZS4FWJ4;
				INFOPLIST_FILE = "WellbeingDevelopment-Info.plist";
				INFOPLIST_KEY_CFBundleDisplayName = WellbeingDev;
				INFOPLIST_KEY_LSApplicationCategoryType = "public.app-category.healthcare-fitness";
				LD_RUNPATH_SEARCH_PATHS = (
					"$(inherited)",
					"@executable_path/Frameworks",
				);
				MARKETING_VERSION = 1.0;
				OTHER_LDFLAGS = (
					"$(inherited)",
					"-ObjC",
					"-lc++",
				);
				PRODUCT_BUNDLE_IDENTIFIER = "Wellbeing-development";
				PRODUCT_NAME = "$(TARGET_NAME)";
				SWIFT_VERSION = 5.0;
				VERSIONING_SYSTEM = "apple-generic";
			};
			name = Release;
		};
		FCA0C8592C1A36D5006769AA /* Debug */ = {
			isa = XCBuildConfiguration;
			baseConfigurationReference = 5B9EC86B620FFA6DE04252B2 /* Pods-Wellbeing-staging.debug.xcconfig */;
			buildSettings = {
				ASSETCATALOG_COMPILER_APPICON_NAME = "AppIcon-staging";
				CLANG_ENABLE_MODULES = YES;
				CURRENT_PROJECT_VERSION = 1;
				DEVELOPMENT_TEAM = SRUZS4FWJ4;
				ENABLE_BITCODE = NO;
				INFOPLIST_FILE = "WellbeingStaging-Info.plist";
				INFOPLIST_KEY_CFBundleDisplayName = WellbeingStaging;
				INFOPLIST_KEY_LSApplicationCategoryType = "public.app-category.healthcare-fitness";
				LD_RUNPATH_SEARCH_PATHS = (
					"$(inherited)",
					"@executable_path/Frameworks",
				);
				MARKETING_VERSION = 1.0;
				OTHER_LDFLAGS = (
					"$(inherited)",
					"-ObjC",
					"-lc++",
				);
				PRODUCT_BUNDLE_IDENTIFIER = "Wellbeing-staging";
				PRODUCT_NAME = "$(TARGET_NAME)";
				SWIFT_OPTIMIZATION_LEVEL = "-Onone";
				SWIFT_VERSION = 5.0;
				VERSIONING_SYSTEM = "apple-generic";
			};
			name = Debug;
		};
		FCA0C85A2C1A36D5006769AA /* Release */ = {
			isa = XCBuildConfiguration;
			baseConfigurationReference = 8DA9B967E5C990ACBC2AD6B2 /* Pods-Wellbeing-staging.release.xcconfig */;
			buildSettings = {
				ASSETCATALOG_COMPILER_APPICON_NAME = "AppIcon-staging";
				CLANG_ENABLE_MODULES = YES;
				CURRENT_PROJECT_VERSION = 1;
				DEVELOPMENT_TEAM = SRUZS4FWJ4;
				INFOPLIST_FILE = "WellbeingStaging-Info.plist";
				INFOPLIST_KEY_CFBundleDisplayName = WellbeingStaging;
				INFOPLIST_KEY_LSApplicationCategoryType = "public.app-category.healthcare-fitness";
				LD_RUNPATH_SEARCH_PATHS = (
					"$(inherited)",
					"@executable_path/Frameworks",
				);
				MARKETING_VERSION = 1.0;
				OTHER_LDFLAGS = (
					"$(inherited)",
					"-ObjC",
					"-lc++",
				);
				PRODUCT_BUNDLE_IDENTIFIER = "Wellbeing-staging";
				PRODUCT_NAME = "$(TARGET_NAME)";
				SWIFT_VERSION = 5.0;
				VERSIONING_SYSTEM = "apple-generic";
			};
			name = Release;
		};
		FCA0C86D2C1A36F7006769AA /* Debug */ = {
			isa = XCBuildConfiguration;
			baseConfigurationReference = 91B7041870AA24C24A6E5C06 /* Pods-Wellbeing-production.debug.xcconfig */;
			buildSettings = {
				ASSETCATALOG_COMPILER_APPICON_NAME = "AppIcon-prod";
				CLANG_ENABLE_MODULES = YES;
				CURRENT_PROJECT_VERSION = 1;
				DEVELOPMENT_TEAM = SRUZS4FWJ4;
				ENABLE_BITCODE = NO;
				INFOPLIST_FILE = "WellbeingProduction-Info.plist";
				INFOPLIST_KEY_CFBundleDisplayName = Wellbeing;
				INFOPLIST_KEY_LSApplicationCategoryType = "public.app-category.healthcare-fitness";
				LD_RUNPATH_SEARCH_PATHS = (
					"$(inherited)",
					"@executable_path/Frameworks",
				);
				MARKETING_VERSION = 1.0;
				OTHER_LDFLAGS = (
					"$(inherited)",
					"-ObjC",
					"-lc++",
				);
				PRODUCT_BUNDLE_IDENTIFIER = "Wellbeing-production";
				PRODUCT_NAME = "$(TARGET_NAME)";
				SWIFT_OPTIMIZATION_LEVEL = "-Onone";
				SWIFT_VERSION = 5.0;
				VERSIONING_SYSTEM = "apple-generic";
			};
			name = Debug;
		};
		FCA0C86E2C1A36F7006769AA /* Release */ = {
			isa = XCBuildConfiguration;
			baseConfigurationReference = E9EA04A5CA775CBD8AA8C839 /* Pods-Wellbeing-production.release.xcconfig */;
			buildSettings = {
				ASSETCATALOG_COMPILER_APPICON_NAME = "AppIcon-prod";
				CLANG_ENABLE_MODULES = YES;
				CURRENT_PROJECT_VERSION = 1;
				DEVELOPMENT_TEAM = SRUZS4FWJ4;
				INFOPLIST_FILE = "WellbeingProduction-Info.plist";
				INFOPLIST_KEY_CFBundleDisplayName = Wellbeing;
				INFOPLIST_KEY_LSApplicationCategoryType = "public.app-category.healthcare-fitness";
				LD_RUNPATH_SEARCH_PATHS = (
					"$(inherited)",
					"@executable_path/Frameworks",
				);
				MARKETING_VERSION = 1.0;
				OTHER_LDFLAGS = (
					"$(inherited)",
					"-ObjC",
					"-lc++",
				);
				PRODUCT_BUNDLE_IDENTIFIER = "Wellbeing-production";
				PRODUCT_NAME = "$(TARGET_NAME)";
				SWIFT_VERSION = 5.0;
				VERSIONING_SYSTEM = "apple-generic";
			};
			name = Release;
		};
/* End XCBuildConfiguration section */

/* Begin XCConfigurationList section */
		00E357021AD99517003FC87E /* Build configuration list for PBXNativeTarget "WellbeingTests" */ = {
			isa = XCConfigurationList;
			buildConfigurations = (
				00E356F61AD99517003FC87E /* Debug */,
				00E356F71AD99517003FC87E /* Release */,
			);
			defaultConfigurationIsVisible = 0;
			defaultConfigurationName = Release;
		};
		83CBB9FA1A601CBA00E9B192 /* Build configuration list for PBXProject "Wellbeing" */ = {
			isa = XCConfigurationList;
			buildConfigurations = (
				83CBBA201A601CBA00E9B192 /* Debug */,
				83CBBA211A601CBA00E9B192 /* Release */,
			);
			defaultConfigurationIsVisible = 0;
			defaultConfigurationName = Release;
		};
		FCA0C8442C1A3656006769AA /* Build configuration list for PBXNativeTarget "Wellbeing-development" */ = {
			isa = XCConfigurationList;
			buildConfigurations = (
				FCA0C8452C1A3656006769AA /* Debug */,
				FCA0C8462C1A3656006769AA /* Release */,
			);
			defaultConfigurationIsVisible = 0;
			defaultConfigurationName = Release;
		};
		FCA0C8582C1A36D5006769AA /* Build configuration list for PBXNativeTarget "Wellbeing-staging" */ = {
			isa = XCConfigurationList;
			buildConfigurations = (
				FCA0C8592C1A36D5006769AA /* Debug */,
				FCA0C85A2C1A36D5006769AA /* Release */,
			);
			defaultConfigurationIsVisible = 0;
			defaultConfigurationName = Release;
		};
		FCA0C86C2C1A36F7006769AA /* Build configuration list for PBXNativeTarget "Wellbeing-production" */ = {
			isa = XCConfigurationList;
			buildConfigurations = (
				FCA0C86D2C1A36F7006769AA /* Debug */,
				FCA0C86E2C1A36F7006769AA /* Release */,
			);
			defaultConfigurationIsVisible = 0;
			defaultConfigurationName = Release;
		};
/* End XCConfigurationList section */
	};
	rootObject = 83CBB9F71A601CBA00E9B192 /* Project object */;
}
